
Microsoft Visual Studio Solution File, Format Version 12.00
# Visual Studio Version 17
VisualStudioVersion = 17.3.32922.545
MinimumVisualStudioVersion = 10.0.40219.1
Project("{FAE04EC0-301F-11D3-BF4B-00C04F79EFBC}") = "01.BirthdayCelebration", "01.BirthdayCelebration\01.BirthdayCelebration.csproj", "{B9E74AA6-54C6-4C20-94D0-B00FC024E6CC}"
EndProject
Project("{FAE04EC0-301F-11D3-BF4B-00C04F79EFBC}") = "02.TheBattleOfTheFive", "02.TheBattleOfTheFive\02.TheBattleOfTheFive.csproj", "{C008765D-11A6-45D6-8854-281CA38348B0}"
EndProject
Project("{FAE04EC0-301F-11D3-BF4B-00C04F79EFBC}") = "03.StreetRacing", "03.StreetRacing\03.StreetRacing.csproj", "{1B7D454A-1CDC-4029-9770-8B3E50D5180A}"
EndProject
Global
	GlobalSection(SolutionConfigurationPlatforms) = preSolution
		Debug|Any CPU = Debug|Any CPU
		Release|Any CPU = Release|Any CPU
	EndGlobalSection
	GlobalSection(ProjectConfigurationPlatforms) = postSolution
		{B9E74AA6-54C6-4C20-94D0-B00FC024E6CC}.Debug|Any CPU.ActiveCfg = Debug|Any CPU
		{B9E74AA6-54C6-4C20-94D0-B00FC024E6CC}.Debug|Any CPU.Build.0 = Debug|Any CPU
		{B9E74AA6-54C6-4C20-94D0-B00FC024E6CC}.Release|Any CPU.ActiveCfg = Release|Any CPU
		{B9E74AA6-54C6-4C20-94D0-B00FC024E6CC}.Release|Any CPU.Build.0 = Release|Any CPU
		{C008765D-11A6-45D6-8854-281CA38348B0}.Debug|Any CPU.ActiveCfg = Debug|Any CPU
		{C008765D-11A6-45D6-8854-281CA38348B0}.Debug|Any CPU.Build.0 = Debug|Any CPU
		{C008765D-11A6-45D6-8854-281CA38348B0}.Release|Any CPU.ActiveCfg = Release|Any CPU
		{C008765D-11A6-45D6-8854-281CA38348B0}.Release|Any CPU.Build.0 = Release|Any CPU
		{1B7D454A-1CDC-4029-9770-8B3E50D5180A}.Debug|Any CPU.ActiveCfg = Debug|Any CPU
		{1B7D454A-1CDC-4029-9770-8B3E50D5180A}.Debug|Any CPU.Build.0 = Debug|Any CPU
		{1B7D454A-1CDC-4029-9770-8B3E50D5180A}.Release|Any CPU.ActiveCfg = Release|Any CPU
		{1B7D454A-1CDC-4029-9770-8B3E50D5180A}.Release|Any CPU.Build.0 = Release|Any CPU
	EndGlobalSection
	GlobalSection(SolutionProperties) = preSolution
		HideSolutionNode = FALSE
	EndGlobalSection
	GlobalSection(ExtensibilityGlobals) = postSolution
		SolutionGuid = {99F45AEE-543F-47F4-96F4-3CDA33896267}
	EndGlobalSection
EndGlobal
