
Microsoft Visual Studio Solution File, Format Version 12.00
# Visual Studio Version 17
VisualStudioVersion = 17.3.32922.545
MinimumVisualStudioVersion = 10.0.40219.1
Project("{FAE04EC0-301F-11D3-BF4B-00C04F79EFBC}") = "01.TilesMaster", "01.TilesMaster\01.TilesMaster.csproj", "{17AB56AB-C9B6-4AD2-BB83-CDE2465A6AD5}"
EndProject
Project("{FAE04EC0-301F-11D3-BF4B-00C04F79EFBC}") = "02.WallDestroyer", "02.WallDestroyer\02.WallDestroyer.csproj", "{F64240F2-34B2-4DED-84E1-494CC4CB550C}"
EndProject
Project("{FAE04EC0-301F-11D3-BF4B-00C04F79EFBC}") = "03.Renovators", "03.Renovators\03.Renovators.csproj", "{DC730D28-5461-4FD9-8BBF-884DBA4A6C51}"
EndProject
Global
	GlobalSection(SolutionConfigurationPlatforms) = preSolution
		Debug|Any CPU = Debug|Any CPU
		Release|Any CPU = Release|Any CPU
	EndGlobalSection
	GlobalSection(ProjectConfigurationPlatforms) = postSolution
		{17AB56AB-C9B6-4AD2-BB83-CDE2465A6AD5}.Debug|Any CPU.ActiveCfg = Debug|Any CPU
		{17AB56AB-C9B6-4AD2-BB83-CDE2465A6AD5}.Debug|Any CPU.Build.0 = Debug|Any CPU
		{17AB56AB-C9B6-4AD2-BB83-CDE2465A6AD5}.Release|Any CPU.ActiveCfg = Release|Any CPU
		{17AB56AB-C9B6-4AD2-BB83-CDE2465A6AD5}.Release|Any CPU.Build.0 = Release|Any CPU
		{F64240F2-34B2-4DED-84E1-494CC4CB550C}.Debug|Any CPU.ActiveCfg = Debug|Any CPU
		{F64240F2-34B2-4DED-84E1-494CC4CB550C}.Debug|Any CPU.Build.0 = Debug|Any CPU
		{F64240F2-34B2-4DED-84E1-494CC4CB550C}.Release|Any CPU.ActiveCfg = Release|Any CPU
		{F64240F2-34B2-4DED-84E1-494CC4CB550C}.Release|Any CPU.Build.0 = Release|Any CPU
		{DC730D28-5461-4FD9-8BBF-884DBA4A6C51}.Debug|Any CPU.ActiveCfg = Debug|Any CPU
		{DC730D28-5461-4FD9-8BBF-884DBA4A6C51}.Debug|Any CPU.Build.0 = Debug|Any CPU
		{DC730D28-5461-4FD9-8BBF-884DBA4A6C51}.Release|Any CPU.ActiveCfg = Release|Any CPU
		{DC730D28-5461-4FD9-8BBF-884DBA4A6C51}.Release|Any CPU.Build.0 = Release|Any CPU
	EndGlobalSection
	GlobalSection(SolutionProperties) = preSolution
		HideSolutionNode = FALSE
	EndGlobalSection
	GlobalSection(ExtensibilityGlobals) = postSolution
		SolutionGuid = {E14DB137-7BBE-44BF-866F-5669404F1443}
	EndGlobalSection
EndGlobal
