
Microsoft Visual Studio Solution File, Format Version 12.00
# Visual Studio Version 17
VisualStudioVersion = 17.3.32922.545
MinimumVisualStudioVersion = 10.0.40219.1
Project("{FAE04EC0-301F-11D3-BF4B-00C04F79EFBC}") = "01.BakeryShop", "01.BakeryShop\01.BakeryShop.csproj", "{7084B1FA-98C8-4F99-B90F-4113858B3E9D}"
EndProject
Project("{FAE04EC0-301F-11D3-BF4B-00C04F79EFBC}") = "02.BeaverAtWork", "02.BeaverAtWork\02.BeaverAtWork.csproj", "{3BAF430A-270F-46D8-AF5F-259AEB518A6B}"
EndProject
Project("{FAE04EC0-301F-11D3-BF4B-00C04F79EFBC}") = "03.FishingNet", "03.FishingNet\03.FishingNet.csproj", "{D34EE10B-D5BF-4CD3-BB70-89D70BCBAB27}"
EndProject
Global
	GlobalSection(SolutionConfigurationPlatforms) = preSolution
		Debug|Any CPU = Debug|Any CPU
		Release|Any CPU = Release|Any CPU
	EndGlobalSection
	GlobalSection(ProjectConfigurationPlatforms) = postSolution
		{7084B1FA-98C8-4F99-B90F-4113858B3E9D}.Debug|Any CPU.ActiveCfg = Debug|Any CPU
		{7084B1FA-98C8-4F99-B90F-4113858B3E9D}.Debug|Any CPU.Build.0 = Debug|Any CPU
		{7084B1FA-98C8-4F99-B90F-4113858B3E9D}.Release|Any CPU.ActiveCfg = Release|Any CPU
		{7084B1FA-98C8-4F99-B90F-4113858B3E9D}.Release|Any CPU.Build.0 = Release|Any CPU
		{3BAF430A-270F-46D8-AF5F-259AEB518A6B}.Debug|Any CPU.ActiveCfg = Debug|Any CPU
		{3BAF430A-270F-46D8-AF5F-259AEB518A6B}.Debug|Any CPU.Build.0 = Debug|Any CPU
		{3BAF430A-270F-46D8-AF5F-259AEB518A6B}.Release|Any CPU.ActiveCfg = Release|Any CPU
		{3BAF430A-270F-46D8-AF5F-259AEB518A6B}.Release|Any CPU.Build.0 = Release|Any CPU
		{D34EE10B-D5BF-4CD3-BB70-89D70BCBAB27}.Debug|Any CPU.ActiveCfg = Debug|Any CPU
		{D34EE10B-D5BF-4CD3-BB70-89D70BCBAB27}.Debug|Any CPU.Build.0 = Debug|Any CPU
		{D34EE10B-D5BF-4CD3-BB70-89D70BCBAB27}.Release|Any CPU.ActiveCfg = Release|Any CPU
		{D34EE10B-D5BF-4CD3-BB70-89D70BCBAB27}.Release|Any CPU.Build.0 = Release|Any CPU
	EndGlobalSection
	GlobalSection(SolutionProperties) = preSolution
		HideSolutionNode = FALSE
	EndGlobalSection
	GlobalSection(ExtensibilityGlobals) = postSolution
		SolutionGuid = {25245876-8D4D-4295-AAAA-61763CDA7E77}
	EndGlobalSection
EndGlobal
